
Microsoft Visual Studio Solution File, Format Version 12.00
# Visual Studio 15
VisualStudioVersion = 15.0.27428.2011
MinimumVisualStudioVersion = 10.0.40219.1
Project("{8BC9CEB8-8B4A-11D0-8D11-00A0C91BC942}") = "CheatLibrary", "CheatLibrary\CheatLibrary.vcxproj", "{527668BB-3118-4C85-B646-58B708602C94}"
EndProject
Project("{8BC9CEB8-8B4A-11D0-8D11-00A0C91BC942}") = "Test", "Test\Test.vcxproj", "{BD5327D4-418D-458B-BB61-F5AE24AB0238}"
EndProject
Global
	GlobalSection(SolutionConfigurationPlatforms) = preSolution
		Debug|x64 = Debug|x64
		Debug|x86 = Debug|x86
		Release|x64 = Release|x64
		Release|x86 = Release|x86
	EndGlobalSection
	GlobalSection(ProjectConfigurationPlatforms) = postSolution
		{527668BB-3118-4C85-B646-58B708602C94}.Debug|x64.ActiveCfg = Debug|x64
		{527668BB-3118-4C85-B646-58B708602C94}.Debug|x64.Build.0 = Debug|x64
		{527668BB-3118-4C85-B646-58B708602C94}.Debug|x86.ActiveCfg = Debug|Win32
		{527668BB-3118-4C85-B646-58B708602C94}.Debug|x86.Build.0 = Debug|Win32
		{527668BB-3118-4C85-B646-58B708602C94}.Release|x64.ActiveCfg = Release|x64
		{527668BB-3118-4C85-B646-58B708602C94}.Release|x64.Build.0 = Release|x64
		{527668BB-3118-4C85-B646-58B708602C94}.Release|x86.ActiveCfg = Release|Win32
		{527668BB-3118-4C85-B646-58B708602C94}.Release|x86.Build.0 = Release|Win32
		{BD5327D4-418D-458B-BB61-F5AE24AB0238}.Debug|x64.ActiveCfg = Debug|x64
		{BD5327D4-418D-458B-BB61-F5AE24AB0238}.Debug|x64.Build.0 = Debug|x64
		{BD5327D4-418D-458B-BB61-F5AE24AB0238}.Debug|x86.ActiveCfg = Debug|Win32
		{BD5327D4-418D-458B-BB61-F5AE24AB0238}.Debug|x86.Build.0 = Debug|Win32
		{BD5327D4-418D-458B-BB61-F5AE24AB0238}.Release|x64.ActiveCfg = Release|x64
		{BD5327D4-418D-458B-BB61-F5AE24AB0238}.Release|x64.Build.0 = Release|x64
		{BD5327D4-418D-458B-BB61-F5AE24AB0238}.Release|x86.ActiveCfg = Release|Win32
		{BD5327D4-418D-458B-BB61-F5AE24AB0238}.Release|x86.Build.0 = Release|Win32
	EndGlobalSection
	GlobalSection(SolutionProperties) = preSolution
		HideSolutionNode = FALSE
	EndGlobalSection
	GlobalSection(ExtensibilityGlobals) = postSolution
		SolutionGuid = {8784B401-6416-4723-BEC0-881E30A59883}
	EndGlobalSection
EndGlobal
